
Microsoft Visual Studio Solution File, Format Version 12.00
# Visual Studio Version 17
VisualStudioVersion = 17.11.35222.181
MinimumVisualStudioVersion = 10.0.40219.1
Project("{FAE04EC0-301F-11D3-BF4B-00C04F79EFBC}") = "ConsoleApp8", "ConsoleApp8\ConsoleApp8.csproj", "{A956A070-EE72-4889-BEEF-964128865DB8}"
EndProject
Global
	GlobalSection(SolutionConfigurationPlatforms) = preSolution
		Debug|Any CPU = Debug|Any CPU
		Release|Any CPU = Release|Any CPU
	EndGlobalSection
	GlobalSection(ProjectConfigurationPlatforms) = postSolution
		{A956A070-EE72-4889-BEEF-964128865DB8}.Debug|Any CPU.ActiveCfg = Debug|Any CPU
		{A956A070-EE72-4889-BEEF-964128865DB8}.Debug|Any CPU.Build.0 = Debug|Any CPU
		{A956A070-EE72-4889-BEEF-964128865DB8}.Release|Any CPU.ActiveCfg = Release|Any CPU
		{A956A070-EE72-4889-BEEF-964128865DB8}.Release|Any CPU.Build.0 = Release|Any CPU
	EndGlobalSection
	GlobalSection(SolutionProperties) = preSolution
		HideSolutionNode = FALSE
	EndGlobalSection
	GlobalSection(ExtensibilityGlobals) = postSolution
		SolutionGuid = {8B420B1D-EEB7-4D73-B0F0-4002D579FA02}
	EndGlobalSection
EndGlobal
